// !$*UTF8*$!
{
	archiveVersion = 1;
	classes = {
	};
	objectVersion = 50;
	objects = {

/* Begin PBXBuildFile section */
		6B70AFB6250FCD2D00B52BE5 /* QuoteService.swift in Sources */ = {isa = PBXBuildFile; fileRef = 6B70AFB5250FCD2D00B52BE5 /* QuoteService.swift */; };
		6B70AFB8250FE0FE00B52BE5 /* Quote.swift in Sources */ = {isa = PBXBuildFile; fileRef = 6B70AFB7250FE0FE00B52BE5 /* Quote.swift */; };
		6BCA9101250FBA59001D0241 /* AppDelegate.swift in Sources */ = {isa = PBXBuildFile; fileRef = 6BCA9100250FBA59001D0241 /* AppDelegate.swift */; };
		6BCA9103250FBA59001D0241 /* SceneDelegate.swift in Sources */ = {isa = PBXBuildFile; fileRef = 6BCA9102250FBA59001D0241 /* SceneDelegate.swift */; };
		6BCA9105250FBA59001D0241 /* ViewController.swift in Sources */ = {isa = PBXBuildFile; fileRef = 6BCA9104250FBA59001D0241 /* ViewController.swift */; };
		6BCA9108250FBA59001D0241 /* Main.storyboard in Resources */ = {isa = PBXBuildFile; fileRef = 6BCA9106250FBA59001D0241 /* Main.storyboard */; };
		6BCA910A250FBA60001D0241 /* Assets.xcassets in Resources */ = {isa = PBXBuildFile; fileRef = 6BCA9109250FBA60001D0241 /* Assets.xcassets */; };
		6BCA9118250FBA60001D0241 /* ClassQuoteTests.swift in Sources */ = {isa = PBXBuildFile; fileRef = 6BCA9117250FBA60001D0241 /* ClassQuoteTests.swift */; };
		6BCA9128250FC0EF001D0241 /* LaunchScreen.storyboard in Resources */ = {isa = PBXBuildFile; fileRef = 6BCA9126250FC0EF001D0241 /* LaunchScreen.storyboard */; };
/* End PBXBuildFile section */

/* Begin PBXContainerItemProxy section */
		6BCA9114250FBA60001D0241 /* PBXContainerItemProxy */ = {
			isa = PBXContainerItemProxy;
			containerPortal = 6BCA90F5250FBA59001D0241 /* Project object */;
			proxyType = 1;
			remoteGlobalIDString = 6BCA90FC250FBA59001D0241;
			remoteInfo = ClassQuote;
		};
/* End PBXContainerItemProxy section */

/* Begin PBXFileReference section */
		6B70AFB5250FCD2D00B52BE5 /* QuoteService.swift */ = {isa = PBXFileReference; lastKnownFileType = sourcecode.swift; path = QuoteService.swift; sourceTree = "<group>"; };
		6B70AFB7250FE0FE00B52BE5 /* Quote.swift */ = {isa = PBXFileReference; lastKnownFileType = sourcecode.swift; path = Quote.swift; sourceTree = "<group>"; };
		6BCA90FD250FBA59001D0241 /* ClassQuote.app */ = {isa = PBXFileReference; explicitFileType = wrapper.application; includeInIndex = 0; path = ClassQuote.app; sourceTree = BUILT_PRODUCTS_DIR; };
		6BCA9100250FBA59001D0241 /* AppDelegate.swift */ = {isa = PBXFileReference; lastKnownFileType = sourcecode.swift; path = AppDelegate.swift; sourceTree = "<group>"; };
		6BCA9102250FBA59001D0241 /* SceneDelegate.swift */ = {isa = PBXFileReference; lastKnownFileType = sourcecode.swift; path = SceneDelegate.swift; sourceTree = "<group>"; };
		6BCA9104250FBA59001D0241 /* ViewController.swift */ = {isa = PBXFileReference; lastKnownFileType = sourcecode.swift; path = ViewController.swift; sourceTree = "<group>"; };
		6BCA9107250FBA59001D0241 /* Base */ = {isa = PBXFileReference; lastKnownFileType = file.storyboard; name = Base; path = Base.lproj/Main.storyboard; sourceTree = "<group>"; };
		6BCA9109250FBA60001D0241 /* Assets.xcassets */ = {isa = PBXFileReference; lastKnownFileType = folder.assetcatalog; path = Assets.xcassets; sourceTree = "<group>"; };
		6BCA910E250FBA60001D0241 /* Info.plist */ = {isa = PBXFileReference; lastKnownFileType = text.plist.xml; path = Info.plist; sourceTree = "<group>"; };
		6BCA9113250FBA60001D0241 /* ClassQuoteTests.xctest */ = {isa = PBXFileReference; explicitFileType = wrapper.cfbundle; includeInIndex = 0; path = ClassQuoteTests.xctest; sourceTree = BUILT_PRODUCTS_DIR; };
		6BCA9117250FBA60001D0241 /* ClassQuoteTests.swift */ = {isa = PBXFileReference; lastKnownFileType = sourcecode.swift; path = ClassQuoteTests.swift; sourceTree = "<group>"; };
		6BCA9119250FBA60001D0241 /* Info.plist */ = {isa = PBXFileReference; lastKnownFileType = text.plist.xml; path = Info.plist; sourceTree = "<group>"; };
		6BCA9127250FC0EF001D0241 /* Base */ = {isa = PBXFileReference; lastKnownFileType = file.storyboard; name = Base; path = ClassQuote/VIew/Base.lproj/LaunchScreen.storyboard; sourceTree = SOURCE_ROOT; };
/* End PBXFileReference section */

/* Begin PBXFrameworksBuildPhase section */
		6BCA90FA250FBA59001D0241 /* Frameworks */ = {
			isa = PBXFrameworksBuildPhase;
			buildActionMask = 2147483647;
			files = (
			);
			runOnlyForDeploymentPostprocessing = 0;
		};
		6BCA9110250FBA60001D0241 /* Frameworks */ = {
			isa = PBXFrameworksBuildPhase;
			buildActionMask = 2147483647;
			files = (
			);
			runOnlyForDeploymentPostprocessing = 0;
		};
/* End PBXFrameworksBuildPhase section */

/* Begin PBXGroup section */
		6BCA90F4250FBA59001D0241 = {
			isa = PBXGroup;
			children = (
				6BCA90FF250FBA59001D0241 /* ClassQuote */,
				6BCA9116250FBA60001D0241 /* ClassQuoteTests */,
				6BCA90FE250FBA59001D0241 /* Products */,
			);
			sourceTree = "<group>";
		};
		6BCA90FE250FBA59001D0241 /* Products */ = {
			isa = PBXGroup;
			children = (
				6BCA90FD250FBA59001D0241 /* ClassQuote.app */,
				6BCA9113250FBA60001D0241 /* ClassQuoteTests.xctest */,
			);
			name = Products;
			sourceTree = "<group>";
		};
		6BCA90FF250FBA59001D0241 /* ClassQuote */ = {
			isa = PBXGroup;
			children = (
				6BCA9122250FBA80001D0241 /* Model */,
				6BCA9123250FBA8B001D0241 /* VIew */,
				6BCA9124250FBA94001D0241 /* Controller */,
				6BCA9125250FBA9C001D0241 /* Support */,
				6BCA910E250FBA60001D0241 /* Info.plist */,
			);
			path = ClassQuote;
			sourceTree = "<group>";
		};
		6BCA9116250FBA60001D0241 /* ClassQuoteTests */ = {
			isa = PBXGroup;
			children = (
				6BCA9117250FBA60001D0241 /* ClassQuoteTests.swift */,
				6BCA9119250FBA60001D0241 /* Info.plist */,
			);
			path = ClassQuoteTests;
			sourceTree = "<group>";
		};
		6BCA9122250FBA80001D0241 /* Model */ = {
			isa = PBXGroup;
			children = (
				6B70AFB5250FCD2D00B52BE5 /* QuoteService.swift */,
				6B70AFB7250FE0FE00B52BE5 /* Quote.swift */,
			);
			path = Model;
			sourceTree = "<group>";
		};
		6BCA9123250FBA8B001D0241 /* VIew */ = {
			isa = PBXGroup;
			children = (
				6BCA9109250FBA60001D0241 /* Assets.xcassets */,
				6BCA9106250FBA59001D0241 /* Main.storyboard */,
				6BCA9126250FC0EF001D0241 /* LaunchScreen.storyboard */,
			);
			path = VIew;
			sourceTree = "<group>";
		};
		6BCA9124250FBA94001D0241 /* Controller */ = {
			isa = PBXGroup;
			children = (
				6BCA9104250FBA59001D0241 /* ViewController.swift */,
			);
			path = Controller;
			sourceTree = "<group>";
		};
		6BCA9125250FBA9C001D0241 /* Support */ = {
			isa = PBXGroup;
			children = (
				6BCA9100250FBA59001D0241 /* AppDelegate.swift */,
				6BCA9102250FBA59001D0241 /* SceneDelegate.swift */,
			);
			path = Support;
			sourceTree = "<group>";
		};
/* End PBXGroup section */

/* Begin PBXNativeTarget section */
		6BCA90FC250FBA59001D0241 /* ClassQuote */ = {
			isa = PBXNativeTarget;
			buildConfigurationList = 6BCA911C250FBA60001D0241 /* Build configuration list for PBXNativeTarget "ClassQuote" */;
			buildPhases = (
				6BCA90F9250FBA59001D0241 /* Sources */,
				6BCA90FA250FBA59001D0241 /* Frameworks */,
				6BCA90FB250FBA59001D0241 /* Resources */,
			);
			buildRules = (
			);
			dependencies = (
			);
			name = ClassQuote;
			productName = ClassQuote;
			productReference = 6BCA90FD250FBA59001D0241 /* ClassQuote.app */;
			productType = "com.apple.product-type.application";
		};
		6BCA9112250FBA60001D0241 /* ClassQuoteTests */ = {
			isa = PBXNativeTarget;
			buildConfigurationList = 6BCA911F250FBA60001D0241 /* Build configuration list for PBXNativeTarget "ClassQuoteTests" */;
			buildPhases = (
				6BCA910F250FBA60001D0241 /* Sources */,
				6BCA9110250FBA60001D0241 /* Frameworks */,
				6BCA9111250FBA60001D0241 /* Resources */,
			);
			buildRules = (
			);
			dependencies = (
				6BCA9115250FBA60001D0241 /* PBXTargetDependency */,
			);
			name = ClassQuoteTests;
			productName = ClassQuoteTests;
			productReference = 6BCA9113250FBA60001D0241 /* ClassQuoteTests.xctest */;
			productType = "com.apple.product-type.bundle.unit-test";
		};
/* End PBXNativeTarget section */

/* Begin PBXProject section */
		6BCA90F5250FBA59001D0241 /* Project object */ = {
			isa = PBXProject;
			attributes = {
				LastSwiftUpdateCheck = 1170;
				LastUpgradeCheck = 1170;
				ORGANIZATIONNAME = "Simon Dahan";
				TargetAttributes = {
					6BCA90FC250FBA59001D0241 = {
						CreatedOnToolsVersion = 11.7;
					};
					6BCA9112250FBA60001D0241 = {
						CreatedOnToolsVersion = 11.7;
						TestTargetID = 6BCA90FC250FBA59001D0241;
					};
				};
			};
			buildConfigurationList = 6BCA90F8250FBA59001D0241 /* Build configuration list for PBXProject "ClassQuote" */;
			compatibilityVersion = "Xcode 9.3";
			developmentRegion = en;
			hasScannedForEncodings = 0;
			knownRegions = (
				en,
				Base,
			);
			mainGroup = 6BCA90F4250FBA59001D0241;
			productRefGroup = 6BCA90FE250FBA59001D0241 /* Products */;
			projectDirPath = "";
			projectRoot = "";
			targets = (
				6BCA90FC250FBA59001D0241 /* ClassQuote */,
				6BCA9112250FBA60001D0241 /* ClassQuoteTests */,
			);
		};
/* End PBXProject section */

/* Begin PBXResourcesBuildPhase section */
		6BCA90FB250FBA59001D0241 /* Resources */ = {
			isa = PBXResourcesBuildPhase;
			buildActionMask = 2147483647;
			files = (
				6BCA9128250FC0EF001D0241 /* LaunchScreen.storyboard in Resources */,
				6BCA910A250FBA60001D0241 /* Assets.xcassets in Resources */,
				6BCA9108250FBA59001D0241 /* Main.storyboard in Resources */,
			);
			runOnlyForDeploymentPostprocessing = 0;
		};
		6BCA9111250FBA60001D0241 /* Resources */ = {
			isa = PBXResourcesBuildPhase;
			buildActionMask = 2147483647;
			files = (
			);
			runOnlyForDeploymentPostprocessing = 0;
		};
/* End PBXResourcesBuildPhase section */

/* Begin PBXSourcesBuildPhase section */
		6BCA90F9250FBA59001D0241 /* Sources */ = {
			isa = PBXSourcesBuildPhase;
			buildActionMask = 2147483647;
			files = (
				6B70AFB6250FCD2D00B52BE5 /* QuoteService.swift in Sources */,
				6BCA9105250FBA59001D0241 /* ViewController.swift in Sources */,
				6BCA9101250FBA59001D0241 /* AppDelegate.swift in Sources */,
				6B70AFB8250FE0FE00B52BE5 /* Quote.swift in Sources */,
				6BCA9103250FBA59001D0241 /* SceneDelegate.swift in Sources */,
			);
			runOnlyForDeploymentPostprocessing = 0;
		};
		6BCA910F250FBA60001D0241 /* Sources */ = {
			isa = PBXSourcesBuildPhase;
			buildActionMask = 2147483647;
			files = (
				6BCA9118250FBA60001D0241 /* ClassQuoteTests.swift in Sources */,
			);
			runOnlyForDeploymentPostprocessing = 0;
		};
/* End PBXSourcesBuildPhase section */

/* Begin PBXTargetDependency section */
		6BCA9115250FBA60001D0241 /* PBXTargetDependency */ = {
			isa = PBXTargetDependency;
			target = 6BCA90FC250FBA59001D0241 /* ClassQuote */;
			targetProxy = 6BCA9114250FBA60001D0241 /* PBXContainerItemProxy */;
		};
/* End PBXTargetDependency section */

/* Begin PBXVariantGroup section */
		6BCA9106250FBA59001D0241 /* Main.storyboard */ = {
			isa = PBXVariantGroup;
			children = (
				6BCA9107250FBA59001D0241 /* Base */,
			);
			name = Main.storyboard;
			sourceTree = "<group>";
		};
		6BCA9126250FC0EF001D0241 /* LaunchScreen.storyboard */ = {
			isa = PBXVariantGroup;
			children = (
				6BCA9127250FC0EF001D0241 /* Base */,
			);
			name = LaunchScreen.storyboard;
			sourceTree = "<group>";
		};
/* End PBXVariantGroup section */

/* Begin XCBuildConfiguration section */
		6BCA911A250FBA60001D0241 /* Debug */ = {
			isa = XCBuildConfiguration;
			buildSettings = {
				ALWAYS_SEARCH_USER_PATHS = NO;
				CLANG_ANALYZER_NONNULL = YES;
				CLANG_ANALYZER_NUMBER_OBJECT_CONVERSION = YES_AGGRESSIVE;
				CLANG_CXX_LANGUAGE_STANDARD = "gnu++14";
				CLANG_CXX_LIBRARY = "libc++";
				CLANG_ENABLE_MODULES = YES;
				CLANG_ENABLE_OBJC_ARC = YES;
				CLANG_ENABLE_OBJC_WEAK = YES;
				CLANG_WARN_BLOCK_CAPTURE_AUTORELEASING = YES;
				CLANG_WARN_BOOL_CONVERSION = YES;
				CLANG_WARN_COMMA = YES;
				CLANG_WARN_CONSTANT_CONVERSION = YES;
				CLANG_WARN_DEPRECATED_OBJC_IMPLEMENTATIONS = YES;
				CLANG_WARN_DIRECT_OBJC_ISA_USAGE = YES_ERROR;
				CLANG_WARN_DOCUMENTATION_COMMENTS = YES;
				CLANG_WARN_EMPTY_BODY = YES;
				CLANG_WARN_ENUM_CONVERSION = YES;
				CLANG_WARN_INFINITE_RECURSION = YES;
				CLANG_WARN_INT_CONVERSION = YES;
				CLANG_WARN_NON_LITERAL_NULL_CONVERSION = YES;
				CLANG_WARN_OBJC_IMPLICIT_RETAIN_SELF = YES;
				CLANG_WARN_OBJC_LITERAL_CONVERSION = YES;
				CLANG_WARN_OBJC_ROOT_CLASS = YES_ERROR;
				CLANG_WARN_RANGE_LOOP_ANALYSIS = YES;
				CLANG_WARN_STRICT_PROTOTYPES = YES;
				CLANG_WARN_SUSPICIOUS_MOVE = YES;
				CLANG_WARN_UNGUARDED_AVAILABILITY = YES_AGGRESSIVE;
				CLANG_WARN_UNREACHABLE_CODE = YES;
				CLANG_WARN__DUPLICATE_METHOD_MATCH = YES;
				COPY_PHASE_STRIP = NO;
				DEBUG_INFORMATION_FORMAT = dwarf;
				ENABLE_STRICT_OBJC_MSGSEND = YES;
				ENABLE_TESTABILITY = YES;
				GCC_C_LANGUAGE_STANDARD = gnu11;
				GCC_DYNAMIC_NO_PIC = NO;
				GCC_NO_COMMON_BLOCKS = YES;
				GCC_OPTIMIZATION_LEVEL = 0;
				GCC_PREPROCESSOR_DEFINITIONS = (
					"DEBUG=1",
					"$(inherited)",
				);
				GCC_WARN_64_TO_32_BIT_CONVERSION = YES;
				GCC_WARN_ABOUT_RETURN_TYPE = YES_ERROR;
				GCC_WARN_UNDECLARED_SELECTOR = YES;
				GCC_WARN_UNINITIALIZED_AUTOS = YES_AGGRESSIVE;
				GCC_WARN_UNUSED_FUNCTION = YES;
				GCC_WARN_UNUSED_VARIABLE = YES;
				IPHONEOS_DEPLOYMENT_TARGET = 13.7;
				MTL_ENABLE_DEBUG_INFO = INCLUDE_SOURCE;
				MTL_FAST_MATH = YES;
				ONLY_ACTIVE_ARCH = YES;
				SDKROOT = iphoneos;
				SWIFT_ACTIVE_COMPILATION_CONDITIONS = DEBUG;
				SWIFT_OPTIMIZATION_LEVEL = "-Onone";
			};
			name = Debug;
		};
		6BCA911B250FBA60001D0241 /* Release */ = {
			isa = XCBuildConfiguration;
			buildSettings = {
				ALWAYS_SEARCH_USER_PATHS = NO;
				CLANG_ANALYZER_NONNULL = YES;
				CLANG_ANALYZER_NUMBER_OBJECT_CONVERSION = YES_AGGRESSIVE;
				CLANG_CXX_LANGUAGE_STANDARD = "gnu++14";
				CLANG_CXX_LIBRARY = "libc++";
				CLANG_ENABLE_MODULES = YES;
				CLANG_ENABLE_OBJC_ARC = YES;
				CLANG_ENABLE_OBJC_WEAK = YES;
				CLANG_WARN_BLOCK_CAPTURE_AUTORELEASING = YES;
				CLANG_WARN_BOOL_CONVERSION = YES;
				CLANG_WARN_COMMA = YES;
				CLANG_WARN_CONSTANT_CONVERSION = YES;
				CLANG_WARN_DEPRECATED_OBJC_IMPLEMENTATIONS = YES;
				CLANG_WARN_DIRECT_OBJC_ISA_USAGE = YES_ERROR;
				CLANG_WARN_DOCUMENTATION_COMMENTS = YES;
				CLANG_WARN_EMPTY_BODY = YES;
				CLANG_WARN_ENUM_CONVERSION = YES;
				CLANG_WARN_INFINITE_RECURSION = YES;
				CLANG_WARN_INT_CONVERSION = YES;
				CLANG_WARN_NON_LITERAL_NULL_CONVERSION = YES;
				CLANG_WARN_OBJC_IMPLICIT_RETAIN_SELF = YES;
				CLANG_WARN_OBJC_LITERAL_CONVERSION = YES;
				CLANG_WARN_OBJC_ROOT_CLASS = YES_ERROR;
				CLANG_WARN_RANGE_LOOP_ANALYSIS = YES;
				CLANG_WARN_STRICT_PROTOTYPES = YES;
				CLANG_WARN_SUSPICIOUS_MOVE = YES;
				CLANG_WARN_UNGUARDED_AVAILABILITY = YES_AGGRESSIVE;
				CLANG_WARN_UNREACHABLE_CODE = YES;
				CLANG_WARN__DUPLICATE_METHOD_MATCH = YES;
				COPY_PHASE_STRIP = NO;
				DEBUG_INFORMATION_FORMAT = "dwarf-with-dsym";
				ENABLE_NS_ASSERTIONS = NO;
				ENABLE_STRICT_OBJC_MSGSEND = YES;
				GCC_C_LANGUAGE_STANDARD = gnu11;
				GCC_NO_COMMON_BLOCKS = YES;
				GCC_WARN_64_TO_32_BIT_CONVERSION = YES;
				GCC_WARN_ABOUT_RETURN_TYPE = YES_ERROR;
				GCC_WARN_UNDECLARED_SELECTOR = YES;
				GCC_WARN_UNINITIALIZED_AUTOS = YES_AGGRESSIVE;
				GCC_WARN_UNUSED_FUNCTION = YES;
				GCC_WARN_UNUSED_VARIABLE = YES;
				IPHONEOS_DEPLOYMENT_TARGET = 13.7;
				MTL_ENABLE_DEBUG_INFO = NO;
				MTL_FAST_MATH = YES;
				SDKROOT = iphoneos;
				SWIFT_COMPILATION_MODE = wholemodule;
				SWIFT_OPTIMIZATION_LEVEL = "-O";
				VALIDATE_PRODUCT = YES;
			};
			name = Release;
		};
		6BCA911D250FBA60001D0241 /* Debug */ = {
			isa = XCBuildConfiguration;
			buildSettings = {
				ASSETCATALOG_COMPILER_APPICON_NAME = AppIcon;
				CODE_SIGN_STYLE = Automatic;
				DEVELOPMENT_TEAM = 9S2GW6G25E;
				INFOPLIST_FILE = ClassQuote/Info.plist;
				LD_RUNPATH_SEARCH_PATHS = (
					"$(inherited)",
					"@executable_path/Frameworks",
				);
				PRODUCT_BUNDLE_IDENTIFIER = com.simonDahan.ClassQuote;
				PRODUCT_NAME = "$(TARGET_NAME)";
				SWIFT_VERSION = 5.0;
				TARGETED_DEVICE_FAMILY = "1,2";
			};
			name = Debug;
		};
		6BCA911E250FBA60001D0241 /* Release */ = {
			isa = XCBuildConfiguration;
			buildSettings = {
				ASSETCATALOG_COMPILER_APPICON_NAME = AppIcon;
				CODE_SIGN_STYLE = Automatic;
				DEVELOPMENT_TEAM = 9S2GW6G25E;
				INFOPLIST_FILE = ClassQuote/Info.plist;
				LD_RUNPATH_SEARCH_PATHS = (
					"$(inherited)",
					"@executable_path/Frameworks",
				);
				PRODUCT_BUNDLE_IDENTIFIER = com.simonDahan.ClassQuote;
				PRODUCT_NAME = "$(TARGET_NAME)";
				SWIFT_VERSION = 5.0;
				TARGETED_DEVICE_FAMILY = "1,2";
			};
			name = Release;
		};
		6BCA9120250FBA60001D0241 /* Debug */ = {
			isa = XCBuildConfiguration;
			buildSettings = {
				ALWAYS_EMBED_SWIFT_STANDARD_LIBRARIES = YES;
				BUNDLE_LOADER = "$(TEST_HOST)";
				CODE_SIGN_STYLE = Automatic;
				DEVELOPMENT_TEAM = 9S2GW6G25E;
				INFOPLIST_FILE = ClassQuoteTests/Info.plist;
				IPHONEOS_DEPLOYMENT_TARGET = 13.7;
				LD_RUNPATH_SEARCH_PATHS = (
					"$(inherited)",
					"@executable_path/Frameworks",
					"@loader_path/Frameworks",
				);
				PRODUCT_BUNDLE_IDENTIFIER = com.simonDahan.ClassQuoteTests;
				PRODUCT_NAME = "$(TARGET_NAME)";
				SWIFT_VERSION = 5.0;
				TARGETED_DEVICE_FAMILY = "1,2";
				TEST_HOST = "$(BUILT_PRODUCTS_DIR)/ClassQuote.app/ClassQuote";
			};
			name = Debug;
		};
		6BCA9121250FBA60001D0241 /* Release */ = {
			isa = XCBuildConfiguration;
			buildSettings = {
				ALWAYS_EMBED_SWIFT_STANDARD_LIBRARIES = YES;
				BUNDLE_LOADER = "$(TEST_HOST)";
				CODE_SIGN_STYLE = Automatic;
				DEVELOPMENT_TEAM = 9S2GW6G25E;
				INFOPLIST_FILE = ClassQuoteTests/Info.plist;
				IPHONEOS_DEPLOYMENT_TARGET = 13.7;
				LD_RUNPATH_SEARCH_PATHS = (
					"$(inherited)",
					"@executable_path/Frameworks",
					"@loader_path/Frameworks",
				);
				PRODUCT_BUNDLE_IDENTIFIER = com.simonDahan.ClassQuoteTests;
				PRODUCT_NAME = "$(TARGET_NAME)";
				SWIFT_VERSION = 5.0;
				TARGETED_DEVICE_FAMILY = "1,2";
				TEST_HOST = "$(BUILT_PRODUCTS_DIR)/ClassQuote.app/ClassQuote";
			};
			name = Release;
		};
/* End XCBuildConfiguration section */

/* Begin XCConfigurationList section */
		6BCA90F8250FBA59001D0241 /* Build configuration list for PBXProject "ClassQuote" */ = {
			isa = XCConfigurationList;
			buildConfigurations = (
				6BCA911A250FBA60001D0241 /* Debug */,
				6BCA911B250FBA60001D0241 /* Release */,
			);
			defaultConfigurationIsVisible = 0;
			defaultConfigurationName = Release;
		};
		6BCA911C250FBA60001D0241 /* Build configuration list for PBXNativeTarget "ClassQuote" */ = {
			isa = XCConfigurationList;
			buildConfigurations = (
				6BCA911D250FBA60001D0241 /* Debug */,
				6BCA911E250FBA60001D0241 /* Release */,
			);
			defaultConfigurationIsVisible = 0;
			defaultConfigurationName = Release;
		};
		6BCA911F250FBA60001D0241 /* Build configuration list for PBXNativeTarget "ClassQuoteTests" */ = {
			isa = XCConfigurationList;
			buildConfigurations = (
				6BCA9120250FBA60001D0241 /* Debug */,
				6BCA9121250FBA60001D0241 /* Release */,
			);
			defaultConfigurationIsVisible = 0;
			defaultConfigurationName = Release;
		};
/* End XCConfigurationList section */
	};
	rootObject = 6BCA90F5250FBA59001D0241 /* Project object */;
}
